// !$*UTF8*$!
{
	archiveVersion = 1;
	classes = {
	};
	objectVersion = 56;
	objects = {

/* Begin PBXBuildFile section */
		7E130C452AA5059200C5E5F6 /* DocumentBuilderApp.swift in Sources */ = {isa = PBXBuildFile; fileRef = 7E130C442AA5059200C5E5F6 /* DocumentBuilderApp.swift */; };
		7E130C472AA5059200C5E5F6 /* ContentView.swift in Sources */ = {isa = PBXBuildFile; fileRef = 7E130C462AA5059200C5E5F6 /* ContentView.swift */; };
		7E130C492AA5059800C5E5F6 /* Assets.xcassets in Resources */ = {isa = PBXBuildFile; fileRef = 7E130C482AA5059800C5E5F6 /* Assets.xcassets */; };
		7E130C4C2AA5059800C5E5F6 /* Preview Assets.xcassets in Resources */ = {isa = PBXBuildFile; fileRef = 7E130C4B2AA5059800C5E5F6 /* Preview Assets.xcassets */; };
		7E130C4E2AA5059800C5E5F6 /* Persistence.swift in Sources */ = {isa = PBXBuildFile; fileRef = 7E130C4D2AA5059800C5E5F6 /* Persistence.swift */; };
		7E130C512AA5059800C5E5F6 /* DocumentBuilder.xcdatamodeld in Sources */ = {isa = PBXBuildFile; fileRef = 7E130C4F2AA5059800C5E5F6 /* DocumentBuilder.xcdatamodeld */; };
		7E130C5C2AA5059900C5E5F6 /* DocumentBuilderTests.swift in Sources */ = {isa = PBXBuildFile; fileRef = 7E130C5B2AA5059900C5E5F6 /* DocumentBuilderTests.swift */; };
		7E130C662AA5059900C5E5F6 /* DocumentBuilderUITests.swift in Sources */ = {isa = PBXBuildFile; fileRef = 7E130C652AA5059900C5E5F6 /* DocumentBuilderUITests.swift */; };
		7E130C682AA5059900C5E5F6 /* DocumentBuilderUITestsLaunchTests.swift in Sources */ = {isa = PBXBuildFile; fileRef = 7E130C672AA5059900C5E5F6 /* DocumentBuilderUITestsLaunchTests.swift */; };
		7E130C772AA5074F00C5E5F6 /* AppView.swift in Sources */ = {isa = PBXBuildFile; fileRef = 7E130C762AA5074F00C5E5F6 /* AppView.swift */; };
		7E130C7A2AA6666D00C5E5F6 /* Dependencies in Frameworks */ = {isa = PBXBuildFile; productRef = 7E130C792AA6666D00C5E5F6 /* Dependencies */; };
		7E130C7D2AA66CC000C5E5F6 /* ManagedObject+FetchRequest.swift in Sources */ = {isa = PBXBuildFile; fileRef = 7E130C7C2AA66CC000C5E5F6 /* ManagedObject+FetchRequest.swift */; };
		7E130C812AA66FA900C5E5F6 /* ModuleListView.swift in Sources */ = {isa = PBXBuildFile; fileRef = 7E130C802AA66FA900C5E5F6 /* ModuleListView.swift */; };
		7E130C832AA674E000C5E5F6 /* String+Ext.swift in Sources */ = {isa = PBXBuildFile; fileRef = 7E130C822AA674E000C5E5F6 /* String+Ext.swift */; };
		7E130C852AA6785F00C5E5F6 /* MosuleListViewModel.swift in Sources */ = {isa = PBXBuildFile; fileRef = 7E130C842AA6785F00C5E5F6 /* MosuleListViewModel.swift */; };
		7E130C882AA6792300C5E5F6 /* AddModuleView.swift in Sources */ = {isa = PBXBuildFile; fileRef = 7E130C872AA6792300C5E5F6 /* AddModuleView.swift */; };
		7E130C8B2AA67F5600C5E5F6 /* ModuleItemListView.swift in Sources */ = {isa = PBXBuildFile; fileRef = 7E130C8A2AA67F5600C5E5F6 /* ModuleItemListView.swift */; };
		7E130C8D2AA67F6F00C5E5F6 /* ModuleItemListViewModel.swift in Sources */ = {isa = PBXBuildFile; fileRef = 7E130C8C2AA67F6F00C5E5F6 /* ModuleItemListViewModel.swift */; };
		7E130C922AA7670A00C5E5F6 /* AddFeatureView.swift in Sources */ = {isa = PBXBuildFile; fileRef = 7E130C912AA7670A00C5E5F6 /* AddFeatureView.swift */; };
		7E130C942AA7673A00C5E5F6 /* AddFeatureViewModel.swift in Sources */ = {isa = PBXBuildFile; fileRef = 7E130C932AA7673A00C5E5F6 /* AddFeatureViewModel.swift */; };
		7E130C962AA772CA00C5E5F6 /* Dictionary+Ext.swift in Sources */ = {isa = PBXBuildFile; fileRef = 7E130C952AA772CA00C5E5F6 /* Dictionary+Ext.swift */; };
		7E130C992AA7AD2500C5E5F6 /* ModuleView.swift in Sources */ = {isa = PBXBuildFile; fileRef = 7E130C982AA7AD2500C5E5F6 /* ModuleView.swift */; };
		7E130C9B2AA7AD3000C5E5F6 /* ModuleViewModel.swift in Sources */ = {isa = PBXBuildFile; fileRef = 7E130C9A2AA7AD3000C5E5F6 /* ModuleViewModel.swift */; };
		7E130C9E2AA8FEC900C5E5F6 /* RichTextKit in Frameworks */ = {isa = PBXBuildFile; productRef = 7E130C9D2AA8FEC900C5E5F6 /* RichTextKit */; };
		7E130CA12AAB5C3300C5E5F6 /* FeatureView.swift in Sources */ = {isa = PBXBuildFile; fileRef = 7E130CA02AAB5C3300C5E5F6 /* FeatureView.swift */; };
		7E130CA52AABB85500C5E5F6 /* AddServiceView.swift in Sources */ = {isa = PBXBuildFile; fileRef = 7E130CA42AABB85500C5E5F6 /* AddServiceView.swift */; };
		7E130CA82AAC7B2F00C5E5F6 /* DataModelView.swift in Sources */ = {isa = PBXBuildFile; fileRef = 7E130CA72AAC7B2F00C5E5F6 /* DataModelView.swift */; };
		7E46756E2AAFBBEC00A1F031 /* ServiceView.swift in Sources */ = {isa = PBXBuildFile; fileRef = 7E46756D2AAFBBEC00A1F031 /* ServiceView.swift */; };
		7E7380AC2AACFB3200A12429 /* Model.swift in Sources */ = {isa = PBXBuildFile; fileRef = 7E7380AB2AACFB3200A12429 /* Model.swift */; };
		7E7380AE2AADB02F00A12429 /* AddServiceViewModel.swift in Sources */ = {isa = PBXBuildFile; fileRef = 7E7380AD2AADB02F00A12429 /* AddServiceViewModel.swift */; };
		7E7380B12AADB32700A12429 /* HeaderView.swift in Sources */ = {isa = PBXBuildFile; fileRef = 7E7380B02AADB32700A12429 /* HeaderView.swift */; };
		7E7380B42AADB9D700A12429 /* ServiceRowView.swift in Sources */ = {isa = PBXBuildFile; fileRef = 7E7380B32AADB9D700A12429 /* ServiceRowView.swift */; };
		7E7380B62AADD06F00A12429 /* ModelRowView.swift in Sources */ = {isa = PBXBuildFile; fileRef = 7E7380B52AADD06F00A12429 /* ModelRowView.swift */; };
		7E7380B92AADF3A400A12429 /* QueryParametersView.swift in Sources */ = {isa = PBXBuildFile; fileRef = 7E7380B82AADF3A400A12429 /* QueryParametersView.swift */; };
		7E7380BC2AAE270400A12429 /* ServiceRepository.swift in Sources */ = {isa = PBXBuildFile; fileRef = 7E7380BB2AAE270400A12429 /* ServiceRepository.swift */; };
		7E7380BE2AAE2A5400A12429 /* ServiceRepositoryTests.swift in Sources */ = {isa = PBXBuildFile; fileRef = 7E7380BD2AAE2A5400A12429 /* ServiceRepositoryTests.swift */; };
		7E7380C02AAE378200A12429 /* FeatureRepository.swift in Sources */ = {isa = PBXBuildFile; fileRef = 7E7380BF2AAE378200A12429 /* FeatureRepository.swift */; };
		7E7380C22AAE388100A12429 /* DataModelRepository.swift in Sources */ = {isa = PBXBuildFile; fileRef = 7E7380C12AAE388100A12429 /* DataModelRepository.swift */; };
		7E7380C42AAF8CEC00A12429 /* ServiceDataModelRepository.swift in Sources */ = {isa = PBXBuildFile; fileRef = 7E7380C32AAF8CEC00A12429 /* ServiceDataModelRepository.swift */; };
		7E7380C62AAF944B00A12429 /* DataModelListView.swift in Sources */ = {isa = PBXBuildFile; fileRef = 7E7380C52AAF944B00A12429 /* DataModelListView.swift */; };
/* End PBXBuildFile section */

/* Begin PBXContainerItemProxy section */
		7E130C582AA5059900C5E5F6 /* PBXContainerItemProxy */ = {
			isa = PBXContainerItemProxy;
			containerPortal = 7E130C392AA5059200C5E5F6 /* Project object */;
			proxyType = 1;
			remoteGlobalIDString = 7E130C402AA5059200C5E5F6;
			remoteInfo = DocumentBuilder;
		};
		7E130C622AA5059900C5E5F6 /* PBXContainerItemProxy */ = {
			isa = PBXContainerItemProxy;
			containerPortal = 7E130C392AA5059200C5E5F6 /* Project object */;
			proxyType = 1;
			remoteGlobalIDString = 7E130C402AA5059200C5E5F6;
			remoteInfo = DocumentBuilder;
		};
/* End PBXContainerItemProxy section */

/* Begin PBXFileReference section */
		7E130C412AA5059200C5E5F6 /* DocumentBuilder.app */ = {isa = PBXFileReference; explicitFileType = wrapper.application; includeInIndex = 0; path = DocumentBuilder.app; sourceTree = BUILT_PRODUCTS_DIR; };
		7E130C442AA5059200C5E5F6 /* DocumentBuilderApp.swift */ = {isa = PBXFileReference; lastKnownFileType = sourcecode.swift; path = DocumentBuilderApp.swift; sourceTree = "<group>"; };
		7E130C462AA5059200C5E5F6 /* ContentView.swift */ = {isa = PBXFileReference; lastKnownFileType = sourcecode.swift; path = ContentView.swift; sourceTree = "<group>"; };
		7E130C482AA5059800C5E5F6 /* Assets.xcassets */ = {isa = PBXFileReference; lastKnownFileType = folder.assetcatalog; path = Assets.xcassets; sourceTree = "<group>"; };
		7E130C4B2AA5059800C5E5F6 /* Preview Assets.xcassets */ = {isa = PBXFileReference; lastKnownFileType = folder.assetcatalog; path = "Preview Assets.xcassets"; sourceTree = "<group>"; };
		7E130C4D2AA5059800C5E5F6 /* Persistence.swift */ = {isa = PBXFileReference; lastKnownFileType = sourcecode.swift; path = Persistence.swift; sourceTree = "<group>"; };
		7E130C502AA5059800C5E5F6 /* DocumentBuilder.xcdatamodel */ = {isa = PBXFileReference; lastKnownFileType = wrapper.xcdatamodel; path = DocumentBuilder.xcdatamodel; sourceTree = "<group>"; };
		7E130C522AA5059800C5E5F6 /* DocumentBuilder.entitlements */ = {isa = PBXFileReference; lastKnownFileType = text.plist.entitlements; path = DocumentBuilder.entitlements; sourceTree = "<group>"; };
		7E130C572AA5059900C5E5F6 /* DocumentBuilderTests.xctest */ = {isa = PBXFileReference; explicitFileType = wrapper.cfbundle; includeInIndex = 0; path = DocumentBuilderTests.xctest; sourceTree = BUILT_PRODUCTS_DIR; };
		7E130C5B2AA5059900C5E5F6 /* DocumentBuilderTests.swift */ = {isa = PBXFileReference; lastKnownFileType = sourcecode.swift; path = DocumentBuilderTests.swift; sourceTree = "<group>"; };
		7E130C612AA5059900C5E5F6 /* DocumentBuilderUITests.xctest */ = {isa = PBXFileReference; explicitFileType = wrapper.cfbundle; includeInIndex = 0; path = DocumentBuilderUITests.xctest; sourceTree = BUILT_PRODUCTS_DIR; };
		7E130C652AA5059900C5E5F6 /* DocumentBuilderUITests.swift */ = {isa = PBXFileReference; lastKnownFileType = sourcecode.swift; path = DocumentBuilderUITests.swift; sourceTree = "<group>"; };
		7E130C672AA5059900C5E5F6 /* DocumentBuilderUITestsLaunchTests.swift */ = {isa = PBXFileReference; lastKnownFileType = sourcecode.swift; path = DocumentBuilderUITestsLaunchTests.swift; sourceTree = "<group>"; };
		7E130C762AA5074F00C5E5F6 /* AppView.swift */ = {isa = PBXFileReference; lastKnownFileType = sourcecode.swift; path = AppView.swift; sourceTree = "<group>"; };
		7E130C7C2AA66CC000C5E5F6 /* ManagedObject+FetchRequest.swift */ = {isa = PBXFileReference; lastKnownFileType = sourcecode.swift; path = "ManagedObject+FetchRequest.swift"; sourceTree = "<group>"; };
		7E130C802AA66FA900C5E5F6 /* ModuleListView.swift */ = {isa = PBXFileReference; lastKnownFileType = sourcecode.swift; path = ModuleListView.swift; sourceTree = "<group>"; };
		7E130C822AA674E000C5E5F6 /* String+Ext.swift */ = {isa = PBXFileReference; lastKnownFileType = sourcecode.swift; path = "String+Ext.swift"; sourceTree = "<group>"; };
		7E130C842AA6785F00C5E5F6 /* MosuleListViewModel.swift */ = {isa = PBXFileReference; lastKnownFileType = sourcecode.swift; path = MosuleListViewModel.swift; sourceTree = "<group>"; };
		7E130C872AA6792300C5E5F6 /* AddModuleView.swift */ = {isa = PBXFileReference; lastKnownFileType = sourcecode.swift; path = AddModuleView.swift; sourceTree = "<group>"; };
		7E130C8A2AA67F5600C5E5F6 /* ModuleItemListView.swift */ = {isa = PBXFileReference; lastKnownFileType = sourcecode.swift; path = ModuleItemListView.swift; sourceTree = "<group>"; };
		7E130C8C2AA67F6F00C5E5F6 /* ModuleItemListViewModel.swift */ = {isa = PBXFileReference; lastKnownFileType = sourcecode.swift; path = ModuleItemListViewModel.swift; sourceTree = "<group>"; };
		7E130C912AA7670A00C5E5F6 /* AddFeatureView.swift */ = {isa = PBXFileReference; lastKnownFileType = sourcecode.swift; path = AddFeatureView.swift; sourceTree = "<group>"; };
		7E130C932AA7673A00C5E5F6 /* AddFeatureViewModel.swift */ = {isa = PBXFileReference; lastKnownFileType = sourcecode.swift; path = AddFeatureViewModel.swift; sourceTree = "<group>"; };
		7E130C952AA772CA00C5E5F6 /* Dictionary+Ext.swift */ = {isa = PBXFileReference; lastKnownFileType = sourcecode.swift; path = "Dictionary+Ext.swift"; sourceTree = "<group>"; };
		7E130C982AA7AD2500C5E5F6 /* ModuleView.swift */ = {isa = PBXFileReference; lastKnownFileType = sourcecode.swift; path = ModuleView.swift; sourceTree = "<group>"; };
		7E130C9A2AA7AD3000C5E5F6 /* ModuleViewModel.swift */ = {isa = PBXFileReference; lastKnownFileType = sourcecode.swift; path = ModuleViewModel.swift; sourceTree = "<group>"; };
		7E130CA02AAB5C3300C5E5F6 /* FeatureView.swift */ = {isa = PBXFileReference; lastKnownFileType = sourcecode.swift; path = FeatureView.swift; sourceTree = "<group>"; };
		7E130CA42AABB85500C5E5F6 /* AddServiceView.swift */ = {isa = PBXFileReference; lastKnownFileType = sourcecode.swift; path = AddServiceView.swift; sourceTree = "<group>"; };
		7E130CA72AAC7B2F00C5E5F6 /* DataModelView.swift */ = {isa = PBXFileReference; lastKnownFileType = sourcecode.swift; path = DataModelView.swift; sourceTree = "<group>"; };
		7E46756D2AAFBBEC00A1F031 /* ServiceView.swift */ = {isa = PBXFileReference; lastKnownFileType = sourcecode.swift; path = ServiceView.swift; sourceTree = "<group>"; };
		7E7380AB2AACFB3200A12429 /* Model.swift */ = {isa = PBXFileReference; lastKnownFileType = sourcecode.swift; path = Model.swift; sourceTree = "<group>"; };
		7E7380AD2AADB02F00A12429 /* AddServiceViewModel.swift */ = {isa = PBXFileReference; lastKnownFileType = sourcecode.swift; path = AddServiceViewModel.swift; sourceTree = "<group>"; };
		7E7380B02AADB32700A12429 /* HeaderView.swift */ = {isa = PBXFileReference; lastKnownFileType = sourcecode.swift; path = HeaderView.swift; sourceTree = "<group>"; };
		7E7380B32AADB9D700A12429 /* ServiceRowView.swift */ = {isa = PBXFileReference; lastKnownFileType = sourcecode.swift; path = ServiceRowView.swift; sourceTree = "<group>"; };
		7E7380B52AADD06F00A12429 /* ModelRowView.swift */ = {isa = PBXFileReference; lastKnownFileType = sourcecode.swift; path = ModelRowView.swift; sourceTree = "<group>"; };
		7E7380B82AADF3A400A12429 /* QueryParametersView.swift */ = {isa = PBXFileReference; lastKnownFileType = sourcecode.swift; path = QueryParametersView.swift; sourceTree = "<group>"; };
		7E7380BB2AAE270400A12429 /* ServiceRepository.swift */ = {isa = PBXFileReference; lastKnownFileType = sourcecode.swift; path = ServiceRepository.swift; sourceTree = "<group>"; };
		7E7380BD2AAE2A5400A12429 /* ServiceRepositoryTests.swift */ = {isa = PBXFileReference; lastKnownFileType = sourcecode.swift; path = ServiceRepositoryTests.swift; sourceTree = "<group>"; };
		7E7380BF2AAE378200A12429 /* FeatureRepository.swift */ = {isa = PBXFileReference; lastKnownFileType = sourcecode.swift; path = FeatureRepository.swift; sourceTree = "<group>"; };
		7E7380C12AAE388100A12429 /* DataModelRepository.swift */ = {isa = PBXFileReference; lastKnownFileType = sourcecode.swift; path = DataModelRepository.swift; sourceTree = "<group>"; };
		7E7380C32AAF8CEC00A12429 /* ServiceDataModelRepository.swift */ = {isa = PBXFileReference; lastKnownFileType = sourcecode.swift; path = ServiceDataModelRepository.swift; sourceTree = "<group>"; };
		7E7380C52AAF944B00A12429 /* DataModelListView.swift */ = {isa = PBXFileReference; lastKnownFileType = sourcecode.swift; path = DataModelListView.swift; sourceTree = "<group>"; };
/* End PBXFileReference section */

/* Begin PBXFrameworksBuildPhase section */
		7E130C3E2AA5059200C5E5F6 /* Frameworks */ = {
			isa = PBXFrameworksBuildPhase;
			buildActionMask = 2147483647;
			files = (
				7E130C9E2AA8FEC900C5E5F6 /* RichTextKit in Frameworks */,
				7E130C7A2AA6666D00C5E5F6 /* Dependencies in Frameworks */,
			);
			runOnlyForDeploymentPostprocessing = 0;
		};
		7E130C542AA5059900C5E5F6 /* Frameworks */ = {
			isa = PBXFrameworksBuildPhase;
			buildActionMask = 2147483647;
			files = (
			);
			runOnlyForDeploymentPostprocessing = 0;
		};
		7E130C5E2AA5059900C5E5F6 /* Frameworks */ = {
			isa = PBXFrameworksBuildPhase;
			buildActionMask = 2147483647;
			files = (
			);
			runOnlyForDeploymentPostprocessing = 0;
		};
/* End PBXFrameworksBuildPhase section */

/* Begin PBXGroup section */
		7E130C382AA5059200C5E5F6 = {
			isa = PBXGroup;
			children = (
				7E130C432AA5059200C5E5F6 /* DocumentBuilder */,
				7E130C5A2AA5059900C5E5F6 /* DocumentBuilderTests */,
				7E130C642AA5059900C5E5F6 /* DocumentBuilderUITests */,
				7E130C422AA5059200C5E5F6 /* Products */,
			);
			sourceTree = "<group>";
		};
		7E130C422AA5059200C5E5F6 /* Products */ = {
			isa = PBXGroup;
			children = (
				7E130C412AA5059200C5E5F6 /* DocumentBuilder.app */,
				7E130C572AA5059900C5E5F6 /* DocumentBuilderTests.xctest */,
				7E130C612AA5059900C5E5F6 /* DocumentBuilderUITests.xctest */,
			);
			name = Products;
			sourceTree = "<group>";
		};
		7E130C432AA5059200C5E5F6 /* DocumentBuilder */ = {
			isa = PBXGroup;
			children = (
				7E7380BA2AAE26D000A12429 /* Repositories */,
				7E130C7E2AA66F7000C5E5F6 /* Views */,
				7E130C7B2AA66C8E00C5E5F6 /* Extensions */,
				7E130C752AA5063200C5E5F6 /* App */,
				7E130C442AA5059200C5E5F6 /* DocumentBuilderApp.swift */,
				7E130C462AA5059200C5E5F6 /* ContentView.swift */,
				7E130C482AA5059800C5E5F6 /* Assets.xcassets */,
				7E130C4D2AA5059800C5E5F6 /* Persistence.swift */,
				7E130C522AA5059800C5E5F6 /* DocumentBuilder.entitlements */,
				7E130C4F2AA5059800C5E5F6 /* DocumentBuilder.xcdatamodeld */,
				7E130C4A2AA5059800C5E5F6 /* Preview Content */,
			);
			path = DocumentBuilder;
			sourceTree = "<group>";
		};
		7E130C4A2AA5059800C5E5F6 /* Preview Content */ = {
			isa = PBXGroup;
			children = (
				7E130C4B2AA5059800C5E5F6 /* Preview Assets.xcassets */,
			);
			path = "Preview Content";
			sourceTree = "<group>";
		};
		7E130C5A2AA5059900C5E5F6 /* DocumentBuilderTests */ = {
			isa = PBXGroup;
			children = (
				7E130C5B2AA5059900C5E5F6 /* DocumentBuilderTests.swift */,
				7E7380BD2AAE2A5400A12429 /* ServiceRepositoryTests.swift */,
			);
			path = DocumentBuilderTests;
			sourceTree = "<group>";
		};
		7E130C642AA5059900C5E5F6 /* DocumentBuilderUITests */ = {
			isa = PBXGroup;
			children = (
				7E130C652AA5059900C5E5F6 /* DocumentBuilderUITests.swift */,
				7E130C672AA5059900C5E5F6 /* DocumentBuilderUITestsLaunchTests.swift */,
			);
			path = DocumentBuilderUITests;
			sourceTree = "<group>";
		};
		7E130C752AA5063200C5E5F6 /* App */ = {
			isa = PBXGroup;
			children = (
				7E130C762AA5074F00C5E5F6 /* AppView.swift */,
			);
			path = App;
			sourceTree = "<group>";
		};
		7E130C7B2AA66C8E00C5E5F6 /* Extensions */ = {
			isa = PBXGroup;
			children = (
				7E130C7C2AA66CC000C5E5F6 /* ManagedObject+FetchRequest.swift */,
				7E130C822AA674E000C5E5F6 /* String+Ext.swift */,
				7E130C952AA772CA00C5E5F6 /* Dictionary+Ext.swift */,
			);
			path = Extensions;
			sourceTree = "<group>";
		};
		7E130C7E2AA66F7000C5E5F6 /* Views */ = {
			isa = PBXGroup;
			children = (
				7E130CA62AAC7B1900C5E5F6 /* DataModel */,
				7E130CA22AABB80700C5E5F6 /* Services */,
				7E130C8F2AA766E300C5E5F6 /* Features */,
				7E130C8E2AA766C900C5E5F6 /* Modules */,
			);
			path = Views;
			sourceTree = "<group>";
		};
		7E130C7F2AA66F8500C5E5F6 /* ModulesList */ = {
			isa = PBXGroup;
			children = (
				7E130C802AA66FA900C5E5F6 /* ModuleListView.swift */,
				7E130C842AA6785F00C5E5F6 /* MosuleListViewModel.swift */,
			);
			path = ModulesList;
			sourceTree = "<group>";
		};
		7E130C862AA6791400C5E5F6 /* AddModule */ = {
			isa = PBXGroup;
			children = (
				7E130C872AA6792300C5E5F6 /* AddModuleView.swift */,
			);
			path = AddModule;
			sourceTree = "<group>";
		};
		7E130C892AA67F3E00C5E5F6 /* ModuleItemList */ = {
			isa = PBXGroup;
			children = (
				7E130C8A2AA67F5600C5E5F6 /* ModuleItemListView.swift */,
				7E130C8C2AA67F6F00C5E5F6 /* ModuleItemListViewModel.swift */,
			);
			path = ModuleItemList;
			sourceTree = "<group>";
		};
		7E130C8E2AA766C900C5E5F6 /* Modules */ = {
			isa = PBXGroup;
			children = (
				7E130C972AA7AD1100C5E5F6 /* ModuleView */,
				7E130C892AA67F3E00C5E5F6 /* ModuleItemList */,
				7E130C862AA6791400C5E5F6 /* AddModule */,
				7E130C7F2AA66F8500C5E5F6 /* ModulesList */,
			);
			path = Modules;
			sourceTree = "<group>";
		};
		7E130C8F2AA766E300C5E5F6 /* Features */ = {
			isa = PBXGroup;
			children = (
				7E130C9F2AAB5C2500C5E5F6 /* FeatureView */,
				7E130C902AA766F500C5E5F6 /* AddFeature */,
			);
			path = Features;
			sourceTree = "<group>";
		};
		7E130C902AA766F500C5E5F6 /* AddFeature */ = {
			isa = PBXGroup;
			children = (
				7E130C912AA7670A00C5E5F6 /* AddFeatureView.swift */,
				7E130C932AA7673A00C5E5F6 /* AddFeatureViewModel.swift */,
			);
			path = AddFeature;
			sourceTree = "<group>";
		};
		7E130C972AA7AD1100C5E5F6 /* ModuleView */ = {
			isa = PBXGroup;
			children = (
				7E130C982AA7AD2500C5E5F6 /* ModuleView.swift */,
				7E130C9A2AA7AD3000C5E5F6 /* ModuleViewModel.swift */,
			);
			path = ModuleView;
			sourceTree = "<group>";
		};
		7E130C9F2AAB5C2500C5E5F6 /* FeatureView */ = {
			isa = PBXGroup;
			children = (
				7E130CA02AAB5C3300C5E5F6 /* FeatureView.swift */,
			);
			path = FeatureView;
			sourceTree = "<group>";
		};
		7E130CA22AABB80700C5E5F6 /* Services */ = {
			isa = PBXGroup;
			children = (
				7E46756C2AAFBBDD00A1F031 /* ServiceView */,
				7E7380B72AADF38A00A12429 /* Query */,
				7E7380B22AADB9C400A12429 /* ServiceRow */,
				7E7380AF2AADB30A00A12429 /* Headers */,
				7E130CA32AABB81100C5E5F6 /* AddService */,
			);
			path = Services;
			sourceTree = "<group>";
		};
		7E130CA32AABB81100C5E5F6 /* AddService */ = {
			isa = PBXGroup;
			children = (
				7E130CA42AABB85500C5E5F6 /* AddServiceView.swift */,
				7E7380AD2AADB02F00A12429 /* AddServiceViewModel.swift */,
			);
			path = AddService;
			sourceTree = "<group>";
		};
		7E130CA62AAC7B1900C5E5F6 /* DataModel */ = {
			isa = PBXGroup;
			children = (
				7E7380AA2AACFB1600A12429 /* Models */,
				7E130CA72AAC7B2F00C5E5F6 /* DataModelView.swift */,
				7E7380B52AADD06F00A12429 /* ModelRowView.swift */,
				7E7380C52AAF944B00A12429 /* DataModelListView.swift */,
			);
			path = DataModel;
			sourceTree = "<group>";
		};
		7E46756C2AAFBBDD00A1F031 /* ServiceView */ = {
			isa = PBXGroup;
			children = (
				7E46756D2AAFBBEC00A1F031 /* ServiceView.swift */,
			);
			path = ServiceView;
			sourceTree = "<group>";
		};
		7E7380AA2AACFB1600A12429 /* Models */ = {
			isa = PBXGroup;
			children = (
				7E7380AB2AACFB3200A12429 /* Model.swift */,
			);
			path = Models;
			sourceTree = "<group>";
		};
		7E7380AF2AADB30A00A12429 /* Headers */ = {
			isa = PBXGroup;
			children = (
				7E7380B02AADB32700A12429 /* HeaderView.swift */,
			);
			path = Headers;
			sourceTree = "<group>";
		};
		7E7380B22AADB9C400A12429 /* ServiceRow */ = {
			isa = PBXGroup;
			children = (
				7E7380B32AADB9D700A12429 /* ServiceRowView.swift */,
			);
			path = ServiceRow;
			sourceTree = "<group>";
		};
		7E7380B72AADF38A00A12429 /* Query */ = {
			isa = PBXGroup;
			children = (
				7E7380B82AADF3A400A12429 /* QueryParametersView.swift */,
			);
			path = Query;
			sourceTree = "<group>";
		};
		7E7380BA2AAE26D000A12429 /* Repositories */ = {
			isa = PBXGroup;
			children = (
				7E7380BB2AAE270400A12429 /* ServiceRepository.swift */,
				7E7380BF2AAE378200A12429 /* FeatureRepository.swift */,
				7E7380C12AAE388100A12429 /* DataModelRepository.swift */,
				7E7380C32AAF8CEC00A12429 /* ServiceDataModelRepository.swift */,
			);
			path = Repositories;
			sourceTree = "<group>";
		};
/* End PBXGroup section */

/* Begin PBXNativeTarget section */
		7E130C402AA5059200C5E5F6 /* DocumentBuilder */ = {
			isa = PBXNativeTarget;
			buildConfigurationList = 7E130C6B2AA5059900C5E5F6 /* Build configuration list for PBXNativeTarget "DocumentBuilder" */;
			buildPhases = (
				7E130C3D2AA5059200C5E5F6 /* Sources */,
				7E130C3E2AA5059200C5E5F6 /* Frameworks */,
				7E130C3F2AA5059200C5E5F6 /* Resources */,
			);
			buildRules = (
			);
			dependencies = (
			);
			name = DocumentBuilder;
			packageProductDependencies = (
				7E130C792AA6666D00C5E5F6 /* Dependencies */,
				7E130C9D2AA8FEC900C5E5F6 /* RichTextKit */,
			);
			productName = DocumentBuilder;
			productReference = 7E130C412AA5059200C5E5F6 /* DocumentBuilder.app */;
			productType = "com.apple.product-type.application";
		};
		7E130C562AA5059900C5E5F6 /* DocumentBuilderTests */ = {
			isa = PBXNativeTarget;
			buildConfigurationList = 7E130C6E2AA5059900C5E5F6 /* Build configuration list for PBXNativeTarget "DocumentBuilderTests" */;
			buildPhases = (
				7E130C532AA5059900C5E5F6 /* Sources */,
				7E130C542AA5059900C5E5F6 /* Frameworks */,
				7E130C552AA5059900C5E5F6 /* Resources */,
			);
			buildRules = (
			);
			dependencies = (
				7E130C592AA5059900C5E5F6 /* PBXTargetDependency */,
			);
			name = DocumentBuilderTests;
			productName = DocumentBuilderTests;
			productReference = 7E130C572AA5059900C5E5F6 /* DocumentBuilderTests.xctest */;
			productType = "com.apple.product-type.bundle.unit-test";
		};
		7E130C602AA5059900C5E5F6 /* DocumentBuilderUITests */ = {
			isa = PBXNativeTarget;
			buildConfigurationList = 7E130C712AA5059900C5E5F6 /* Build configuration list for PBXNativeTarget "DocumentBuilderUITests" */;
			buildPhases = (
				7E130C5D2AA5059900C5E5F6 /* Sources */,
				7E130C5E2AA5059900C5E5F6 /* Frameworks */,
				7E130C5F2AA5059900C5E5F6 /* Resources */,
			);
			buildRules = (
			);
			dependencies = (
				7E130C632AA5059900C5E5F6 /* PBXTargetDependency */,
			);
			name = DocumentBuilderUITests;
			productName = DocumentBuilderUITests;
			productReference = 7E130C612AA5059900C5E5F6 /* DocumentBuilderUITests.xctest */;
			productType = "com.apple.product-type.bundle.ui-testing";
		};
/* End PBXNativeTarget section */

/* Begin PBXProject section */
		7E130C392AA5059200C5E5F6 /* Project object */ = {
			isa = PBXProject;
			attributes = {
				BuildIndependentTargetsInParallel = 1;
				LastSwiftUpdateCheck = 1420;
				LastUpgradeCheck = 1420;
				TargetAttributes = {
					7E130C402AA5059200C5E5F6 = {
						CreatedOnToolsVersion = 14.2;
					};
					7E130C562AA5059900C5E5F6 = {
						CreatedOnToolsVersion = 14.2;
						TestTargetID = 7E130C402AA5059200C5E5F6;
					};
					7E130C602AA5059900C5E5F6 = {
						CreatedOnToolsVersion = 14.2;
						TestTargetID = 7E130C402AA5059200C5E5F6;
					};
				};
			};
			buildConfigurationList = 7E130C3C2AA5059200C5E5F6 /* Build configuration list for PBXProject "DocumentBuilder" */;
			compatibilityVersion = "Xcode 14.0";
			developmentRegion = en;
			hasScannedForEncodings = 0;
			knownRegions = (
				en,
				Base,
			);
			mainGroup = 7E130C382AA5059200C5E5F6;
			packageReferences = (
				7E130C782AA6666D00C5E5F6 /* XCRemoteSwiftPackageReference "swift-dependencies" */,
				7E130C9C2AA8FEC900C5E5F6 /* XCRemoteSwiftPackageReference "RichTextKit" */,
			);
			productRefGroup = 7E130C422AA5059200C5E5F6 /* Products */;
			projectDirPath = "";
			projectRoot = "";
			targets = (
				7E130C402AA5059200C5E5F6 /* DocumentBuilder */,
				7E130C562AA5059900C5E5F6 /* DocumentBuilderTests */,
				7E130C602AA5059900C5E5F6 /* DocumentBuilderUITests */,
			);
		};
/* End PBXProject section */

/* Begin PBXResourcesBuildPhase section */
		7E130C3F2AA5059200C5E5F6 /* Resources */ = {
			isa = PBXResourcesBuildPhase;
			buildActionMask = 2147483647;
			files = (
				7E130C4C2AA5059800C5E5F6 /* Preview Assets.xcassets in Resources */,
				7E130C492AA5059800C5E5F6 /* Assets.xcassets in Resources */,
			);
			runOnlyForDeploymentPostprocessing = 0;
		};
		7E130C552AA5059900C5E5F6 /* Resources */ = {
			isa = PBXResourcesBuildPhase;
			buildActionMask = 2147483647;
			files = (
			);
			runOnlyForDeploymentPostprocessing = 0;
		};
		7E130C5F2AA5059900C5E5F6 /* Resources */ = {
			isa = PBXResourcesBuildPhase;
			buildActionMask = 2147483647;
			files = (
			);
			runOnlyForDeploymentPostprocessing = 0;
		};
/* End PBXResourcesBuildPhase section */

/* Begin PBXSourcesBuildPhase section */
		7E130C3D2AA5059200C5E5F6 /* Sources */ = {
			isa = PBXSourcesBuildPhase;
			buildActionMask = 2147483647;
			files = (
				7E7380AC2AACFB3200A12429 /* Model.swift in Sources */,
				7E130C962AA772CA00C5E5F6 /* Dictionary+Ext.swift in Sources */,
				7E130C4E2AA5059800C5E5F6 /* Persistence.swift in Sources */,
				7E130C8B2AA67F5600C5E5F6 /* ModuleItemListView.swift in Sources */,
				7E7380C62AAF944B00A12429 /* DataModelListView.swift in Sources */,
				7E130C812AA66FA900C5E5F6 /* ModuleListView.swift in Sources */,
				7E130C472AA5059200C5E5F6 /* ContentView.swift in Sources */,
				7E7380B62AADD06F00A12429 /* ModelRowView.swift in Sources */,
				7E7380AE2AADB02F00A12429 /* AddServiceViewModel.swift in Sources */,
				7E130C7D2AA66CC000C5E5F6 /* ManagedObject+FetchRequest.swift in Sources */,
				7E7380C22AAE388100A12429 /* DataModelRepository.swift in Sources */,
				7E130C922AA7670A00C5E5F6 /* AddFeatureView.swift in Sources */,
				7E7380C02AAE378200A12429 /* FeatureRepository.swift in Sources */,
				7E7380BC2AAE270400A12429 /* ServiceRepository.swift in Sources */,
				7E130C8D2AA67F6F00C5E5F6 /* ModuleItemListViewModel.swift in Sources */,
				7E130C942AA7673A00C5E5F6 /* AddFeatureViewModel.swift in Sources */,
				7E7380B42AADB9D700A12429 /* ServiceRowView.swift in Sources */,
				7E7380B92AADF3A400A12429 /* QueryParametersView.swift in Sources */,
				7E130C882AA6792300C5E5F6 /* AddModuleView.swift in Sources */,
				7E130C512AA5059800C5E5F6 /* DocumentBuilder.xcdatamodeld in Sources */,
				7E130C772AA5074F00C5E5F6 /* AppView.swift in Sources */,
				7E130C992AA7AD2500C5E5F6 /* ModuleView.swift in Sources */,
				7E130C9B2AA7AD3000C5E5F6 /* ModuleViewModel.swift in Sources */,
				7E7380C42AAF8CEC00A12429 /* ServiceDataModelRepository.swift in Sources */,
				7E46756E2AAFBBEC00A1F031 /* ServiceView.swift in Sources */,
				7E130C832AA674E000C5E5F6 /* String+Ext.swift in Sources */,
				7E130CA12AAB5C3300C5E5F6 /* FeatureView.swift in Sources */,
				7E130CA82AAC7B2F00C5E5F6 /* DataModelView.swift in Sources */,
				7E130CA52AABB85500C5E5F6 /* AddServiceView.swift in Sources */,
				7E130C852AA6785F00C5E5F6 /* MosuleListViewModel.swift in Sources */,
				7E7380B12AADB32700A12429 /* HeaderView.swift in Sources */,
				7E130C452AA5059200C5E5F6 /* DocumentBuilderApp.swift in Sources */,
			);
			runOnlyForDeploymentPostprocessing = 0;
		};
		7E130C532AA5059900C5E5F6 /* Sources */ = {
			isa = PBXSourcesBuildPhase;
			buildActionMask = 2147483647;
			files = (
				7E130C5C2AA5059900C5E5F6 /* DocumentBuilderTests.swift in Sources */,
				7E7380BE2AAE2A5400A12429 /* ServiceRepositoryTests.swift in Sources */,
			);
			runOnlyForDeploymentPostprocessing = 0;
		};
		7E130C5D2AA5059900C5E5F6 /* Sources */ = {
			isa = PBXSourcesBuildPhase;
			buildActionMask = 2147483647;
			files = (
				7E130C662AA5059900C5E5F6 /* DocumentBuilderUITests.swift in Sources */,
				7E130C682AA5059900C5E5F6 /* DocumentBuilderUITestsLaunchTests.swift in Sources */,
			);
			runOnlyForDeploymentPostprocessing = 0;
		};
/* End PBXSourcesBuildPhase section */

/* Begin PBXTargetDependency section */
		7E130C592AA5059900C5E5F6 /* PBXTargetDependency */ = {
			isa = PBXTargetDependency;
			target = 7E130C402AA5059200C5E5F6 /* DocumentBuilder */;
			targetProxy = 7E130C582AA5059900C5E5F6 /* PBXContainerItemProxy */;
		};
		7E130C632AA5059900C5E5F6 /* PBXTargetDependency */ = {
			isa = PBXTargetDependency;
			target = 7E130C402AA5059200C5E5F6 /* DocumentBuilder */;
			targetProxy = 7E130C622AA5059900C5E5F6 /* PBXContainerItemProxy */;
		};
/* End PBXTargetDependency section */

/* Begin XCBuildConfiguration section */
		7E130C692AA5059900C5E5F6 /* Debug */ = {
			isa = XCBuildConfiguration;
			buildSettings = {
				ALWAYS_SEARCH_USER_PATHS = NO;
				CLANG_ANALYZER_NONNULL = YES;
				CLANG_ANALYZER_NUMBER_OBJECT_CONVERSION = YES_AGGRESSIVE;
				CLANG_CXX_LANGUAGE_STANDARD = "gnu++20";
				CLANG_ENABLE_MODULES = YES;
				CLANG_ENABLE_OBJC_ARC = YES;
				CLANG_ENABLE_OBJC_WEAK = YES;
				CLANG_WARN_BLOCK_CAPTURE_AUTORELEASING = YES;
				CLANG_WARN_BOOL_CONVERSION = YES;
				CLANG_WARN_COMMA = YES;
				CLANG_WARN_CONSTANT_CONVERSION = YES;
				CLANG_WARN_DEPRECATED_OBJC_IMPLEMENTATIONS = YES;
				CLANG_WARN_DIRECT_OBJC_ISA_USAGE = YES_ERROR;
				CLANG_WARN_DOCUMENTATION_COMMENTS = YES;
				CLANG_WARN_EMPTY_BODY = YES;
				CLANG_WARN_ENUM_CONVERSION = YES;
				CLANG_WARN_INFINITE_RECURSION = YES;
				CLANG_WARN_INT_CONVERSION = YES;
				CLANG_WARN_NON_LITERAL_NULL_CONVERSION = YES;
				CLANG_WARN_OBJC_IMPLICIT_RETAIN_SELF = YES;
				CLANG_WARN_OBJC_LITERAL_CONVERSION = YES;
				CLANG_WARN_OBJC_ROOT_CLASS = YES_ERROR;
				CLANG_WARN_QUOTED_INCLUDE_IN_FRAMEWORK_HEADER = YES;
				CLANG_WARN_RANGE_LOOP_ANALYSIS = YES;
				CLANG_WARN_STRICT_PROTOTYPES = YES;
				CLANG_WARN_SUSPICIOUS_MOVE = YES;
				CLANG_WARN_UNGUARDED_AVAILABILITY = YES_AGGRESSIVE;
				CLANG_WARN_UNREACHABLE_CODE = YES;
				CLANG_WARN__DUPLICATE_METHOD_MATCH = YES;
				COPY_PHASE_STRIP = NO;
				DEBUG_INFORMATION_FORMAT = dwarf;
				ENABLE_STRICT_OBJC_MSGSEND = YES;
				ENABLE_TESTABILITY = YES;
				GCC_C_LANGUAGE_STANDARD = gnu11;
				GCC_DYNAMIC_NO_PIC = NO;
				GCC_NO_COMMON_BLOCKS = YES;
				GCC_OPTIMIZATION_LEVEL = 0;
				GCC_PREPROCESSOR_DEFINITIONS = (
					"DEBUG=1",
					"$(inherited)",
				);
				GCC_WARN_64_TO_32_BIT_CONVERSION = YES;
				GCC_WARN_ABOUT_RETURN_TYPE = YES_ERROR;
				GCC_WARN_UNDECLARED_SELECTOR = YES;
				GCC_WARN_UNINITIALIZED_AUTOS = YES_AGGRESSIVE;
				GCC_WARN_UNUSED_FUNCTION = YES;
				GCC_WARN_UNUSED_VARIABLE = YES;
				MACOSX_DEPLOYMENT_TARGET = 13.1;
				MTL_ENABLE_DEBUG_INFO = INCLUDE_SOURCE;
				MTL_FAST_MATH = YES;
				ONLY_ACTIVE_ARCH = YES;
				SDKROOT = macosx;
				SWIFT_ACTIVE_COMPILATION_CONDITIONS = DEBUG;
				SWIFT_OPTIMIZATION_LEVEL = "-Onone";
			};
			name = Debug;
		};
		7E130C6A2AA5059900C5E5F6 /* Release */ = {
			isa = XCBuildConfiguration;
			buildSettings = {
				ALWAYS_SEARCH_USER_PATHS = NO;
				CLANG_ANALYZER_NONNULL = YES;
				CLANG_ANALYZER_NUMBER_OBJECT_CONVERSION = YES_AGGRESSIVE;
				CLANG_CXX_LANGUAGE_STANDARD = "gnu++20";
				CLANG_ENABLE_MODULES = YES;
				CLANG_ENABLE_OBJC_ARC = YES;
				CLANG_ENABLE_OBJC_WEAK = YES;
				CLANG_WARN_BLOCK_CAPTURE_AUTORELEASING = YES;
				CLANG_WARN_BOOL_CONVERSION = YES;
				CLANG_WARN_COMMA = YES;
				CLANG_WARN_CONSTANT_CONVERSION = YES;
				CLANG_WARN_DEPRECATED_OBJC_IMPLEMENTATIONS = YES;
				CLANG_WARN_DIRECT_OBJC_ISA_USAGE = YES_ERROR;
				CLANG_WARN_DOCUMENTATION_COMMENTS = YES;
				CLANG_WARN_EMPTY_BODY = YES;
				CLANG_WARN_ENUM_CONVERSION = YES;
				CLANG_WARN_INFINITE_RECURSION = YES;
				CLANG_WARN_INT_CONVERSION = YES;
				CLANG_WARN_NON_LITERAL_NULL_CONVERSION = YES;
				CLANG_WARN_OBJC_IMPLICIT_RETAIN_SELF = YES;
				CLANG_WARN_OBJC_LITERAL_CONVERSION = YES;
				CLANG_WARN_OBJC_ROOT_CLASS = YES_ERROR;
				CLANG_WARN_QUOTED_INCLUDE_IN_FRAMEWORK_HEADER = YES;
				CLANG_WARN_RANGE_LOOP_ANALYSIS = YES;
				CLANG_WARN_STRICT_PROTOTYPES = YES;
				CLANG_WARN_SUSPICIOUS_MOVE = YES;
				CLANG_WARN_UNGUARDED_AVAILABILITY = YES_AGGRESSIVE;
				CLANG_WARN_UNREACHABLE_CODE = YES;
				CLANG_WARN__DUPLICATE_METHOD_MATCH = YES;
				COPY_PHASE_STRIP = NO;
				DEBUG_INFORMATION_FORMAT = "dwarf-with-dsym";
				ENABLE_NS_ASSERTIONS = NO;
				ENABLE_STRICT_OBJC_MSGSEND = YES;
				GCC_C_LANGUAGE_STANDARD = gnu11;
				GCC_NO_COMMON_BLOCKS = YES;
				GCC_WARN_64_TO_32_BIT_CONVERSION = YES;
				GCC_WARN_ABOUT_RETURN_TYPE = YES_ERROR;
				GCC_WARN_UNDECLARED_SELECTOR = YES;
				GCC_WARN_UNINITIALIZED_AUTOS = YES_AGGRESSIVE;
				GCC_WARN_UNUSED_FUNCTION = YES;
				GCC_WARN_UNUSED_VARIABLE = YES;
				MACOSX_DEPLOYMENT_TARGET = 13.1;
				MTL_ENABLE_DEBUG_INFO = NO;
				MTL_FAST_MATH = YES;
				SDKROOT = macosx;
				SWIFT_COMPILATION_MODE = wholemodule;
				SWIFT_OPTIMIZATION_LEVEL = "-O";
			};
			name = Release;
		};
		7E130C6C2AA5059900C5E5F6 /* Debug */ = {
			isa = XCBuildConfiguration;
			buildSettings = {
				ASSETCATALOG_COMPILER_APPICON_NAME = AppIcon;
				ASSETCATALOG_COMPILER_GLOBAL_ACCENT_COLOR_NAME = AccentColor;
				CODE_SIGN_ENTITLEMENTS = DocumentBuilder/DocumentBuilder.entitlements;
				"CODE_SIGN_IDENTITY[sdk=macosx*]" = "-";
				CODE_SIGN_STYLE = Automatic;
				COMBINE_HIDPI_IMAGES = YES;
				CURRENT_PROJECT_VERSION = 1;
				DEVELOPMENT_ASSET_PATHS = "\"DocumentBuilder/Preview Content\"";
				DEVELOPMENT_TEAM = 8FR82B7BH7;
				ENABLE_HARDENED_RUNTIME = YES;
				ENABLE_PREVIEWS = YES;
				GENERATE_INFOPLIST_FILE = YES;
				INFOPLIST_KEY_NSHumanReadableCopyright = "";
				LD_RUNPATH_SEARCH_PATHS = (
					"$(inherited)",
					"@executable_path/../Frameworks",
				);
				MARKETING_VERSION = 1.0;
				PRODUCT_BUNDLE_IDENTIFIER = mikhailSeregin.DocumentBuilder;
				PRODUCT_NAME = "$(TARGET_NAME)";
				SWIFT_EMIT_LOC_STRINGS = YES;
				SWIFT_VERSION = 5.0;
			};
			name = Debug;
		};
		7E130C6D2AA5059900C5E5F6 /* Release */ = {
			isa = XCBuildConfiguration;
			buildSettings = {
				ASSETCATALOG_COMPILER_APPICON_NAME = AppIcon;
				ASSETCATALOG_COMPILER_GLOBAL_ACCENT_COLOR_NAME = AccentColor;
				CODE_SIGN_ENTITLEMENTS = DocumentBuilder/DocumentBuilder.entitlements;
				"CODE_SIGN_IDENTITY[sdk=macosx*]" = "-";
				CODE_SIGN_STYLE = Automatic;
				COMBINE_HIDPI_IMAGES = YES;
				CURRENT_PROJECT_VERSION = 1;
				DEVELOPMENT_ASSET_PATHS = "\"DocumentBuilder/Preview Content\"";
				DEVELOPMENT_TEAM = 8FR82B7BH7;
				ENABLE_HARDENED_RUNTIME = YES;
				ENABLE_PREVIEWS = YES;
				GENERATE_INFOPLIST_FILE = YES;
				INFOPLIST_KEY_NSHumanReadableCopyright = "";
				LD_RUNPATH_SEARCH_PATHS = (
					"$(inherited)",
					"@executable_path/../Frameworks",
				);
				MARKETING_VERSION = 1.0;
				PRODUCT_BUNDLE_IDENTIFIER = mikhailSeregin.DocumentBuilder;
				PRODUCT_NAME = "$(TARGET_NAME)";
				SWIFT_EMIT_LOC_STRINGS = YES;
				SWIFT_VERSION = 5.0;
			};
			name = Release;
		};
		7E130C6F2AA5059900C5E5F6 /* Debug */ = {
			isa = XCBuildConfiguration;
			buildSettings = {
				ALWAYS_EMBED_SWIFT_STANDARD_LIBRARIES = YES;
				BUNDLE_LOADER = "$(TEST_HOST)";
				CODE_SIGN_STYLE = Automatic;
				CURRENT_PROJECT_VERSION = 1;
				DEVELOPMENT_TEAM = 8FR82B7BH7;
				GENERATE_INFOPLIST_FILE = YES;
				MACOSX_DEPLOYMENT_TARGET = 13.1;
				MARKETING_VERSION = 1.0;
				PRODUCT_BUNDLE_IDENTIFIER = mikhailSeregin.DocumentBuilderTests;
				PRODUCT_NAME = "$(TARGET_NAME)";
				SWIFT_EMIT_LOC_STRINGS = NO;
				SWIFT_VERSION = 5.0;
				TEST_HOST = "$(BUILT_PRODUCTS_DIR)/DocumentBuilder.app/$(BUNDLE_EXECUTABLE_FOLDER_PATH)/DocumentBuilder";
			};
			name = Debug;
		};
		7E130C702AA5059900C5E5F6 /* Release */ = {
			isa = XCBuildConfiguration;
			buildSettings = {
				ALWAYS_EMBED_SWIFT_STANDARD_LIBRARIES = YES;
				BUNDLE_LOADER = "$(TEST_HOST)";
				CODE_SIGN_STYLE = Automatic;
				CURRENT_PROJECT_VERSION = 1;
				DEVELOPMENT_TEAM = 8FR82B7BH7;
				GENERATE_INFOPLIST_FILE = YES;
				MACOSX_DEPLOYMENT_TARGET = 13.1;
				MARKETING_VERSION = 1.0;
				PRODUCT_BUNDLE_IDENTIFIER = mikhailSeregin.DocumentBuilderTests;
				PRODUCT_NAME = "$(TARGET_NAME)";
				SWIFT_EMIT_LOC_STRINGS = NO;
				SWIFT_VERSION = 5.0;
				TEST_HOST = "$(BUILT_PRODUCTS_DIR)/DocumentBuilder.app/$(BUNDLE_EXECUTABLE_FOLDER_PATH)/DocumentBuilder";
			};
			name = Release;
		};
		7E130C722AA5059900C5E5F6 /* Debug */ = {
			isa = XCBuildConfiguration;
			buildSettings = {
				ALWAYS_EMBED_SWIFT_STANDARD_LIBRARIES = YES;
				CODE_SIGN_STYLE = Automatic;
				CURRENT_PROJECT_VERSION = 1;
				DEVELOPMENT_TEAM = 8FR82B7BH7;
				GENERATE_INFOPLIST_FILE = YES;
				MARKETING_VERSION = 1.0;
				PRODUCT_BUNDLE_IDENTIFIER = mikhailSeregin.DocumentBuilderUITests;
				PRODUCT_NAME = "$(TARGET_NAME)";
				SWIFT_EMIT_LOC_STRINGS = NO;
				SWIFT_VERSION = 5.0;
				TEST_TARGET_NAME = DocumentBuilder;
			};
			name = Debug;
		};
		7E130C732AA5059900C5E5F6 /* Release */ = {
			isa = XCBuildConfiguration;
			buildSettings = {
				ALWAYS_EMBED_SWIFT_STANDARD_LIBRARIES = YES;
				CODE_SIGN_STYLE = Automatic;
				CURRENT_PROJECT_VERSION = 1;
				DEVELOPMENT_TEAM = 8FR82B7BH7;
				GENERATE_INFOPLIST_FILE = YES;
				MARKETING_VERSION = 1.0;
				PRODUCT_BUNDLE_IDENTIFIER = mikhailSeregin.DocumentBuilderUITests;
				PRODUCT_NAME = "$(TARGET_NAME)";
				SWIFT_EMIT_LOC_STRINGS = NO;
				SWIFT_VERSION = 5.0;
				TEST_TARGET_NAME = DocumentBuilder;
			};
			name = Release;
		};
/* End XCBuildConfiguration section */

/* Begin XCConfigurationList section */
		7E130C3C2AA5059200C5E5F6 /* Build configuration list for PBXProject "DocumentBuilder" */ = {
			isa = XCConfigurationList;
			buildConfigurations = (
				7E130C692AA5059900C5E5F6 /* Debug */,
				7E130C6A2AA5059900C5E5F6 /* Release */,
			);
			defaultConfigurationIsVisible = 0;
			defaultConfigurationName = Release;
		};
		7E130C6B2AA5059900C5E5F6 /* Build configuration list for PBXNativeTarget "DocumentBuilder" */ = {
			isa = XCConfigurationList;
			buildConfigurations = (
				7E130C6C2AA5059900C5E5F6 /* Debug */,
				7E130C6D2AA5059900C5E5F6 /* Release */,
			);
			defaultConfigurationIsVisible = 0;
			defaultConfigurationName = Release;
		};
		7E130C6E2AA5059900C5E5F6 /* Build configuration list for PBXNativeTarget "DocumentBuilderTests" */ = {
			isa = XCConfigurationList;
			buildConfigurations = (
				7E130C6F2AA5059900C5E5F6 /* Debug */,
				7E130C702AA5059900C5E5F6 /* Release */,
			);
			defaultConfigurationIsVisible = 0;
			defaultConfigurationName = Release;
		};
		7E130C712AA5059900C5E5F6 /* Build configuration list for PBXNativeTarget "DocumentBuilderUITests" */ = {
			isa = XCConfigurationList;
			buildConfigurations = (
				7E130C722AA5059900C5E5F6 /* Debug */,
				7E130C732AA5059900C5E5F6 /* Release */,
			);
			defaultConfigurationIsVisible = 0;
			defaultConfigurationName = Release;
		};
/* End XCConfigurationList section */

/* Begin XCRemoteSwiftPackageReference section */
		7E130C782AA6666D00C5E5F6 /* XCRemoteSwiftPackageReference "swift-dependencies" */ = {
			isa = XCRemoteSwiftPackageReference;
			repositoryURL = "https://github.com/pointfreeco/swift-dependencies";
			requirement = {
				kind = upToNextMajorVersion;
				minimumVersion = 1.0.0;
			};
		};
		7E130C9C2AA8FEC900C5E5F6 /* XCRemoteSwiftPackageReference "RichTextKit" */ = {
			isa = XCRemoteSwiftPackageReference;
			repositoryURL = "https://github.com/danielsaidi/RichTextKit.git";
			requirement = {
				kind = upToNextMajorVersion;
				minimumVersion = 0.8.0;
			};
		};
/* End XCRemoteSwiftPackageReference section */

/* Begin XCSwiftPackageProductDependency section */
		7E130C792AA6666D00C5E5F6 /* Dependencies */ = {
			isa = XCSwiftPackageProductDependency;
			package = 7E130C782AA6666D00C5E5F6 /* XCRemoteSwiftPackageReference "swift-dependencies" */;
			productName = Dependencies;
		};
		7E130C9D2AA8FEC900C5E5F6 /* RichTextKit */ = {
			isa = XCSwiftPackageProductDependency;
			package = 7E130C9C2AA8FEC900C5E5F6 /* XCRemoteSwiftPackageReference "RichTextKit" */;
			productName = RichTextKit;
		};
/* End XCSwiftPackageProductDependency section */

/* Begin XCVersionGroup section */
		7E130C4F2AA5059800C5E5F6 /* DocumentBuilder.xcdatamodeld */ = {
			isa = XCVersionGroup;
			children = (
				7E130C502AA5059800C5E5F6 /* DocumentBuilder.xcdatamodel */,
			);
			currentVersion = 7E130C502AA5059800C5E5F6 /* DocumentBuilder.xcdatamodel */;
			path = DocumentBuilder.xcdatamodeld;
			sourceTree = "<group>";
			versionGroupType = wrapper.xcdatamodel;
		};
/* End XCVersionGroup section */
	};
	rootObject = 7E130C392AA5059200C5E5F6 /* Project object */;
}
